<?xml version="1.0" encoding="utf-8"?>
<Project ToolsVersion="4.0" xmlns="http://schemas.microsoft.com/developer/msbuild/2003">
  <ItemGroup>
    <ClCompile Include="src\winmain.cpp" />
    <ClCompile Include="src\pch.cpp" />
    <ClCompile Include="src\Playground.cpp" />
    <ClCompile Include="src\BoxWorld.cpp" />
    <ClCompile Include="src\BallWorld.cpp" />
  </ItemGroup>
  <ItemGroup>
    <ClInclude Include="src\pch.h" />
    <ClInclude Include="src\Playground.h" />
    <ClInclude Include="src\BoxWorld.h" />
    <ClInclude Include="src\Voxel.h" />
    <ClInclude Include="src\BallWorld.h" />
  </ItemGroup>
  <ItemGroup>
    <FxCompile Include="Assets\Materials\MaterialTest1VS.hlsl" />
    <FxCompile Include="Assets\Materials\MaterialTest1PS.hlsl" />
    <FxCompile Include="Assets\Materials\SceneEntityCBVS.hlsl" />
    <FxCompile Include="Assets\Materials\BoxWorldCubeVS.hlsl" />
    <FxCompile Include="Assets\Materials\BoxWorldCubePS.hlsl" />
    <FxCompile Include="Assets\Materials\PSTest.hlsl" />
    <FxCompile Include="Assets\Materials\VSTest.hlsl" />
    <FxCompile Include="Assets\Materials\GSTest.hlsl" />
    <FxCompile Include="Assets\Materials\BW_GSTest_PS.hlsl" />
    <FxCompile Include="Assets\Materials\BW_GSTest_GS.hlsl" />
    <FxCompile Include="Assets\Materials\BW_GSTest_VS.hlsl" />
    <FxCompile Include="Assets\Materials\PS_BlurSimple.hlsl" />
    <FxCompile Include="Assets\Materials\BallWorld1PS.hlsl" />
    <FxCompile Include="Assets\Materials\BallWorld1VS.hlsl" />
    <FxCompile Include="Assets\Materials\WireframeBasicPS.hlsl" />
    <FxCompile Include="Assets\Materials\WireframeBasicVS.hlsl" />
    <FxCompile Include="Assets\Materials\PixelShaderCommon.hlsl" />
  </ItemGroup>
</Project>