<?xml version="1.0" encoding="utf-8"?>
<Project ToolsVersion="4.0" xmlns="http://schemas.microsoft.com/developer/msbuild/2003">
  <ItemGroup>
    <ClCompile Include="src\winmain.cpp" />
    <ClCompile Include="src\pch.cpp" />
    <ClCompile Include="src\SceneBuilder.cpp" />
    <ClCompile Include="src\Empty.cpp" />
    <ClCompile Include="src\CSTest.cpp" />
  </ItemGroup>
  <ItemGroup>
    <ClInclude Include="src\pch.h" />
    <ClInclude Include="src\SceneBuilder.h" />
    <ClInclude Include="src\Empty.h" />
  </ItemGroup>
  <ItemGroup>
    <FxCompile Include="Assets\Shaders\CSTest1.hlsl" />
  </ItemGroup>
</Project>