<?xml version="1.0" encoding="utf-8"?>
<Project ToolsVersion="4.0" xmlns="http://schemas.microsoft.com/developer/msbuild/2003">
  <ItemGroup>
    <ClCompile Include="src\winmain.cpp" />
    <ClCompile Include="src\pch.cpp" />
    <ClCompile Include="src\BallWorld.cpp" />
    <ClCompile Include="src\ModelTest.cpp" />
    <ClCompile Include="src\ParticleTest.cpp" />
  </ItemGroup>
  <ItemGroup>
    <ClInclude Include="src\pch.h" />
    <ClInclude Include="src\Voxel.h" />
    <ClInclude Include="src\BallWorld.h" />
    <ClInclude Include="src\ModelTest.h" />
    <ClInclude Include="src\ParticleTest.h" />
  </ItemGroup>
  <ItemGroup>
    <FxCompile Include="Assets\Materials\SceneEntityCBVS.hlsl" />
    <FxCompile Include="Assets\Materials\PSTest.hlsl" />
    <FxCompile Include="Assets\Materials\VSTest.hlsl" />
    <FxCompile Include="Assets\Materials\GSTest.hlsl" />
    <FxCompile Include="Assets\Materials\PS_BlurSimple.hlsl" />
    <FxCompile Include="Assets\Materials\BallWorld1PS.hlsl" />
    <FxCompile Include="Assets\Materials\BallWorld1VS.hlsl" />
    <FxCompile Include="Assets\Materials\WireframeBasicPS.hlsl" />
    <FxCompile Include="Assets\Materials\WireframeBasicVS.hlsl" />
    <FxCompile Include="Assets\Materials\PixelShaderCommon.hlsl" />
    <FxCompile Include="Assets\Materials\BallWorld2VS.hlsl" />
    <FxCompile Include="Assets\Materials\ModelTestPS.hlsl" />
    <FxCompile Include="Assets\Materials\ModelTestVS.hlsl" />
    <FxCompile Include="Assets\Materials\SceneCBVS.hlsl" />
    <FxCompile Include="Assets\Materials\ParticlePSTest.hlsl" />
  </ItemGroup>
</Project>