<?xml version="1.0" encoding="utf-8"?>
<Project ToolsVersion="4.0" xmlns="http://schemas.microsoft.com/developer/msbuild/2003">
  <ItemGroup>
    <ClInclude Include="src\pch.h" />
    <ClInclude Include="src\DXDevice.h" />
    <ClInclude Include="src\Engine2.h" />
    <ClInclude Include="src\Events.h" />
    <ClInclude Include="src\Layer.h" />
    <ClInclude Include="src\submodules\imgui\imconfig.h" />
    <ClInclude Include="src\submodules\imgui\imgui.h" />
    <ClInclude Include="src\submodules\imgui\imgui_impl_dx11.h" />
    <ClInclude Include="src\submodules\imgui\imgui_impl_win32.h" />
    <ClInclude Include="src\submodules\imgui\imgui_internal.h" />
    <ClInclude Include="src\submodules\imgui\imstb_rectpack.h" />
    <ClInclude Include="src\submodules\imgui\imstb_textedit.h" />
    <ClInclude Include="src\submodules\imgui\imstb_truetype.h" />
    <ClInclude Include="src\DXImgui.h" />
    <ClInclude Include="src\Common.h" />
    <ClInclude Include="src\Shader.h" />
    <ClInclude Include="src\ConstantBuffer.h" />
    <ClInclude Include="src\Camera.h" />
    <ClInclude Include="src\Scene.h" />
    <ClInclude Include="src\Entity.h" />
    <ClInclude Include="src\InputController.h" />
    <ClInclude Include="src\Util.h" />
    <ClInclude Include="src\Config.h" />
    <ClInclude Include="src\Texture.h" />
    <ClInclude Include="src\Surface.h" />
    <ClInclude Include="src\Resources.h" />
    <ClInclude Include="src\Instrumentation.h" />
    <ClInclude Include="src\Offscreen.h" />
    <ClInclude Include="src\VertexBuffer.h" />
    <ClInclude Include="src\Primatives.h" />
    <ClInclude Include="src\Lights.h" />
    <ClInclude Include="src\VertexBufferInstanced.h" />
    <ClInclude Include="src\AssetLoaders\ObjLoader.h" />
    <ClInclude Include="src\OffscreenOutliner.h" />
    <ClInclude Include="src\Particles.h" />
    <ClInclude Include="src\UtilMath.h" />
    <ClInclude Include="src\ECS.h" />
    <ClInclude Include="src\Components.h" />
    <ClInclude Include="src\Instances.h" />
    <ClInclude Include="src\DXBuffer.h" />
    <ClInclude Include="src\RigidBody.h" />
    <ClInclude Include="src\Mesh.h" />
    <ClInclude Include="src\MeshRenderer.h" />
    <ClInclude Include="src\Material.h" />
    <ClInclude Include="src\AssetStore.h" />
    <ClInclude Include="src\SceneHierarchy.h" />
    <ClInclude Include="src\VertexLayout.h" />
    <ClInclude Include="src\SceneSerialisation.h" />
    <ClInclude Include="src\Serialiser.h" />
    <ClInclude Include="src\MaterialLibrary.h" />
    <ClInclude Include="src\TextureLoader.h" />
    <ClInclude Include="src\MeshLoader.h" />
    <ClInclude Include="src\Skybox.h" />
    <ClInclude Include="src\SurfaceLoader.h" />
    <ClInclude Include="src\UtilFileDialog.h" />
    <ClInclude Include="src\Transform.h" />
    <ClInclude Include="src\ScriptComponent.h" />
    <ClInclude Include="src\Script.h" />
    <ClInclude Include="src\ScriptComponents\InputControllerScript.h" />
    <ClInclude Include="src\Gizmo.h" />
  </ItemGroup>
  <ItemGroup>
    <ClCompile Include="src\pch.cpp" />
    <ClCompile Include="src\DXDevice.cpp" />
    <ClCompile Include="src\Engine2.cpp" />
    <ClCompile Include="src\Events.cpp" />
    <ClCompile Include="src\submodules\imgui\imgui.cpp" />
    <ClCompile Include="src\submodules\imgui\imgui_demo.cpp" />
    <ClCompile Include="src\submodules\imgui\imgui_draw.cpp" />
    <ClCompile Include="src\submodules\imgui\imgui_impl_dx11.cpp" />
    <ClCompile Include="src\submodules\imgui\imgui_impl_win32.cpp" />
    <ClCompile Include="src\submodules\imgui\imgui_widgets.cpp" />
    <ClCompile Include="src\DXImgui.cpp" />
    <ClCompile Include="src\Shader.cpp" />
    <ClCompile Include="src\Camera.cpp" />
    <ClCompile Include="src\Scene.cpp" />
    <ClCompile Include="src\InputController.cpp" />
    <ClCompile Include="src\Util.cpp" />
    <ClCompile Include="src\Config.cpp" />
    <ClCompile Include="src\Texture.cpp" />
    <ClCompile Include="src\Instrumentation.cpp" />
    <ClCompile Include="src\Offscreen.cpp" />
    <ClCompile Include="src\Primatives.cpp" />
    <ClCompile Include="src\Lights.cpp" />
    <ClCompile Include="src\AssetLoaders\ObjLoader.cpp" />
    <ClCompile Include="src\OffscreenOutliner.cpp" />
    <ClCompile Include="src\Particles.cpp" />
    <ClCompile Include="src\Components.cpp" />
    <ClCompile Include="src\Instances.cpp" />
    <ClCompile Include="src\RigidBody.cpp" />
    <ClCompile Include="src\Mesh.cpp" />
    <ClCompile Include="src\MeshRenderer.cpp" />
    <ClCompile Include="src\Material.cpp" />
    <ClCompile Include="src\SceneHierarchy.cpp" />
    <ClCompile Include="src\SceneSerialisation.cpp" />
    <ClCompile Include="src\Serialiser.cpp" />
    <ClCompile Include="src\MaterialLibrary.cpp" />
    <ClCompile Include="src\TextureLoader.cpp" />
    <ClCompile Include="src\MeshLoader.cpp" />
    <ClCompile Include="src\VertexLayout.cpp" />
    <ClCompile Include="src\Skybox.cpp" />
    <ClCompile Include="src\SurfaceLoader.cpp" />
    <ClCompile Include="src\UtilFileDialog.cpp" />
    <ClCompile Include="src\Transform.cpp" />
    <ClCompile Include="src\ScriptComponent.cpp" />
    <ClCompile Include="src\ScriptComponents\InputControllerScript.cpp" />
    <ClCompile Include="src\Gizmo.cpp" />
  </ItemGroup>
  <ItemGroup>
    <FxCompile Include="Assets\Shaders\GizmosPS.hlsl" />
    <FxCompile Include="Assets\Shaders\GizmosVS.hlsl" />
    <FxCompile Include="Assets\Shaders\OutlineVS.hlsl" />
    <FxCompile Include="Assets\Shaders\OutlinePS.hlsl" />
    <FxCompile Include="Assets\Shaders\ParticlePS.hlsl" />
    <FxCompile Include="Assets\Shaders\ParticlePSCircle.hlsl" />
    <FxCompile Include="Assets\Shaders\ParticleVS.hlsl" />
    <FxCompile Include="Assets\Shaders\PositionNormalColorPS.hlsl" />
    <FxCompile Include="Assets\Shaders\PositionNormalColorVS.hlsl" />
    <FxCompile Include="Assets\Shaders\PositionNormalTextureVS.hlsl" />
    <FxCompile Include="Assets\Shaders\PositionNormalTexturePS.hlsl" />
    <FxCompile Include="Assets\Shaders\SkyboxPS.hlsl" />
    <FxCompile Include="Assets\Shaders\SkyboxVS.hlsl" />
    <FxCompile Include="Assets\Shaders\PositionShadowVS.hlsl" />
  </ItemGroup>
  <ItemGroup>
    <None Include="Assets\Shaders\ShadowPS.hlsli" />
  </ItemGroup>
</Project>