<?xml version="1.0" encoding="utf-8"?>
<Project ToolsVersion="4.0" xmlns="http://schemas.microsoft.com/developer/msbuild/2003">
  <ItemGroup>
    <ClInclude Include="src\pch.h" />
    <ClInclude Include="src\DXDevice.h" />
    <ClInclude Include="src\Engine2.h" />
    <ClInclude Include="src\Events.h" />
    <ClInclude Include="src\Layer.h" />
    <ClInclude Include="src\submodules\imgui\imconfig.h" />
    <ClInclude Include="src\submodules\imgui\imgui.h" />
    <ClInclude Include="src\submodules\imgui\imgui_impl_dx11.h" />
    <ClInclude Include="src\submodules\imgui\imgui_impl_win32.h" />
    <ClInclude Include="src\submodules\imgui\imgui_internal.h" />
    <ClInclude Include="src\submodules\imgui\imstb_rectpack.h" />
    <ClInclude Include="src\submodules\imgui\imstb_textedit.h" />
    <ClInclude Include="src\submodules\imgui\imstb_truetype.h" />
    <ClInclude Include="src\DXImgui.h" />
    <ClInclude Include="src\Common.h" />
    <ClInclude Include="src\Model.h" />
    <ClInclude Include="src\Shader.h" />
    <ClInclude Include="src\ConstantBuffer.h" />
    <ClInclude Include="src\Camera.h" />
    <ClInclude Include="src\Scene.h" />
    <ClInclude Include="src\Entity.h" />
    <ClInclude Include="src\InputController.h" />
    <ClInclude Include="src\Util.h" />
    <ClInclude Include="src\Config.h" />
    <ClInclude Include="src\Texture.h" />
    <ClInclude Include="src\Surface.h" />
    <ClInclude Include="src\Resources.h" />
    <ClInclude Include="src\Instrumentation.h" />
    <ClInclude Include="src\Offscreen.h" />
    <ClInclude Include="src\VertexBuffer.h" />
    <ClInclude Include="src\Primatives.h" />
    <ClInclude Include="src\Lights.h" />
    <ClInclude Include="src\Gizmos.h" />
    <ClInclude Include="src\VertexBufferDynamic.h" />
    <ClInclude Include="src\VertexBufferInstanced.h" />
    <ClInclude Include="src\AssetLoaders\ObjLoader.h" />
    <ClInclude Include="src\OffscreenOutliner.h" />
    <ClInclude Include="src\Particles.h" />
    <ClInclude Include="src\UtilMath.h" />
    <ClInclude Include="src\ECS.h" />
    <ClInclude Include="src\Components.h" />
    <ClInclude Include="src\Instances.h" />
    <ClInclude Include="src\GizmoRender.h" />
  </ItemGroup>
  <ItemGroup>
    <ClCompile Include="src\pch.cpp" />
    <ClCompile Include="src\DXDevice.cpp" />
    <ClCompile Include="src\Engine2.cpp" />
    <ClCompile Include="src\Events.cpp" />
    <ClCompile Include="src\submodules\imgui\imgui.cpp" />
    <ClCompile Include="src\submodules\imgui\imgui_demo.cpp" />
    <ClCompile Include="src\submodules\imgui\imgui_draw.cpp" />
    <ClCompile Include="src\submodules\imgui\imgui_impl_dx11.cpp" />
    <ClCompile Include="src\submodules\imgui\imgui_impl_win32.cpp" />
    <ClCompile Include="src\submodules\imgui\imgui_widgets.cpp" />
    <ClCompile Include="src\DXImgui.cpp" />
    <ClCompile Include="src\Shader.cpp" />
    <ClCompile Include="src\Model.cpp" />
    <ClCompile Include="src\Camera.cpp" />
    <ClCompile Include="src\Scene.cpp" />
    <ClCompile Include="src\Entity.cpp" />
    <ClCompile Include="src\InputController.cpp" />
    <ClCompile Include="src\Util.cpp" />
    <ClCompile Include="src\Config.cpp" />
    <ClCompile Include="src\Texture.cpp" />
    <ClCompile Include="src\Instrumentation.cpp" />
    <ClCompile Include="src\Offscreen.cpp" />
    <ClCompile Include="src\Primatives.cpp" />
    <ClCompile Include="src\Lights.cpp" />
    <ClCompile Include="src\Gizmos.cpp" />
    <ClCompile Include="src\AssetLoaders\ObjLoader.cpp" />
    <ClCompile Include="src\OffscreenOutliner.cpp" />
    <ClCompile Include="src\Particles.cpp" />
    <ClCompile Include="src\Components.cpp" />
    <ClCompile Include="src\Instances.cpp" />
    <ClCompile Include="src\GizmoRender.cpp" />
  </ItemGroup>
  <ItemGroup>
    <FxCompile Include="Assets\Shaders\GizmosPS.hlsl" />
    <FxCompile Include="Assets\Shaders\GizmosVS.hlsl" />
    <FxCompile Include="Assets\Shaders\OutlineVS.hlsl" />
    <FxCompile Include="Assets\Shaders\OutlinePS.hlsl" />
    <FxCompile Include="Assets\Shaders\ParticlePS.hlsl" />
    <FxCompile Include="Assets\Shaders\ParticlePSCircle.hlsl" />
    <FxCompile Include="Assets\Shaders\ParticleVS.hlsl" />
  </ItemGroup>
</Project>